// !$*UTF8*$!
{
	archiveVersion = 1;
	classes = {
	};
	objectVersion = 70;
	objects = {

/* Begin PBXBuildFile section */
		070F9A792C3C706E00FB4297 /* Notifier.swift in Sources */ = {isa = PBXBuildFile; fileRef = 070F9A782C3C706E00FB4297 /* Notifier.swift */; };
		071A799A2C3A94F400077318 /* Extensions.swift in Sources */ = {isa = PBXBuildFile; fileRef = 071A79992C3A94F400077318 /* Extensions.swift */; };
		071A79A82C3AA66A00077318 /* ovaultTests.swift in Sources */ = {isa = PBXBuildFile; fileRef = 071A79A72C3AA66A00077318 /* ovaultTests.swift */; };
		072049582C3F097C00CA12B9 /* Keychain.swift in Sources */ = {isa = PBXBuildFile; fileRef = 072049562C3F02B400CA12B9 /* Keychain.swift */; };
		0720495B2C3F170000CA12B9 /* Logger+Init.swift in Sources */ = {isa = PBXBuildFile; fileRef = 0720495A2C3F170000CA12B9 /* Logger+Init.swift */; };
		0767728B2CB3CF1E00F3A70F /* Models.h in Headers */ = {isa = PBXBuildFile; fileRef = 0767728A2CB3CF1E00F3A70F /* Models.h */; };
		07BF2A212C3C3EFE00CB1FF5 /* AddOtpEntryView.swift in Sources */ = {isa = PBXBuildFile; fileRef = 07BF2A202C3C3EFE00CB1FF5 /* AddOtpEntryView.swift */; };
		07BF2A252C3C441E00CB1FF5 /* OVTextField.swift in Sources */ = {isa = PBXBuildFile; fileRef = 07BF2A242C3C441E00CB1FF5 /* OVTextField.swift */; };
		07BF2A272C3C4A8E00CB1FF5 /* EditOtpEntryView.swift in Sources */ = {isa = PBXBuildFile; fileRef = 07BF2A262C3C4A8E00CB1FF5 /* EditOtpEntryView.swift */; };
		07C43BB52C3C830100BE0F34 /* Models.framework in Frameworks */ = {isa = PBXBuildFile; fileRef = 07C43BAF2C3C830100BE0F34 /* Models.framework */; };
		07C43BB72C3C830100BE0F34 /* Models.framework in Embed Frameworks */ = {isa = PBXBuildFile; fileRef = 07C43BAF2C3C830100BE0F34 /* Models.framework */; settings = {ATTRIBUTES = (CodeSignOnCopy, RemoveHeadersOnCopy, ); }; };
		07C43BBD2C3C832800BE0F34 /* Otp.swift in Sources */ = {isa = PBXBuildFile; fileRef = 07C532572C38865300DC54C6 /* Otp.swift */; };
		07C43BBE2C3C832800BE0F34 /* Otp+From.swift in Sources */ = {isa = PBXBuildFile; fileRef = 071A799C2C3A9D0900077318 /* Otp+From.swift */; };
		07C43BBF2C3C832800BE0F34 /* Otp+Blank.swift in Sources */ = {isa = PBXBuildFile; fileRef = 07BF2A222C3C3F3900CB1FF5 /* Otp+Blank.swift */; };
		07C43BC02C3C832800BE0F34 /* Otp+OTP.swift in Sources */ = {isa = PBXBuildFile; fileRef = 0767D6CB2C3AAB8300E8462E /* Otp+OTP.swift */; };
		07C43BC32C3C837500BE0F34 /* Base32 in Frameworks */ = {isa = PBXBuildFile; productRef = 07C43BC22C3C837500BE0F34 /* Base32 */; };
		07C43BC72C3C89D300BE0F34 /* Otp+Debug.swift in Sources */ = {isa = PBXBuildFile; fileRef = 07C43BC62C3C89D300BE0F34 /* Otp+Debug.swift */; };
		07C532542C38865300DC54C6 /* OVaultApp.swift in Sources */ = {isa = PBXBuildFile; fileRef = 07C532532C38865300DC54C6 /* OVaultApp.swift */; };
		07C532562C38865300DC54C6 /* ContentView.swift in Sources */ = {isa = PBXBuildFile; fileRef = 07C532552C38865300DC54C6 /* ContentView.swift */; };
		07C5325A2C38865300DC54C6 /* Assets.xcassets in Resources */ = {isa = PBXBuildFile; fileRef = 07C532592C38865300DC54C6 /* Assets.xcassets */; };
		07C5325E2C38865300DC54C6 /* Preview Assets.xcassets in Resources */ = {isa = PBXBuildFile; fileRef = 07C5325D2C38865300DC54C6 /* Preview Assets.xcassets */; };
		07C600802CB2DBD1005F19B2 /* KeychainData.swift in Sources */ = {isa = PBXBuildFile; fileRef = 07C6007F2CB2DBCD005F19B2 /* KeychainData.swift */; };
		07C600912CB2E948005F19B2 /* AsyncButton.swift in Sources */ = {isa = PBXBuildFile; fileRef = 07C600902CB2E948005F19B2 /* AsyncButton.swift */; };
		07C600972CB2FB7A005F19B2 /* WidgetKit.framework in Frameworks */ = {isa = PBXBuildFile; fileRef = 070F9A7F2C3C7EB000FB4297 /* WidgetKit.framework */; };
		07C600982CB2FB7A005F19B2 /* SwiftUI.framework in Frameworks */ = {isa = PBXBuildFile; fileRef = 070F9A812C3C7EB000FB4297 /* SwiftUI.framework */; };
		07C600A72CB2FB7A005F19B2 /* WidgetExtensionExtension.appex in Embed Foundation Extensions */ = {isa = PBXBuildFile; fileRef = 07C600962CB2FB7A005F19B2 /* WidgetExtensionExtension.appex */; settings = {ATTRIBUTES = (RemoveHeadersOnCopy, ); }; };
		07C600AC2CB30AE5005F19B2 /* Models.framework in Frameworks */ = {isa = PBXBuildFile; fileRef = 07C43BAF2C3C830100BE0F34 /* Models.framework */; };
		07EF0ED82C3DBBF900F61BDF /* CodeScanner in Frameworks */ = {isa = PBXBuildFile; productRef = 07EF0ED72C3DBBF900F61BDF /* CodeScanner */; };
		07EF0EDA2C3DBC1400F61BDF /* OtpQrScannerView.swift in Sources */ = {isa = PBXBuildFile; fileRef = 07EF0ED92C3DBC1400F61BDF /* OtpQrScannerView.swift */; };
		07F630F22C3B18FF00A10485 /* OtpEntryView.swift in Sources */ = {isa = PBXBuildFile; fileRef = 07F630F12C3B18FF00A10485 /* OtpEntryView.swift */; };
		07F630F42C3B28DC00A10485 /* CopyButton.swift in Sources */ = {isa = PBXBuildFile; fileRef = 07F630F32C3B28DC00A10485 /* CopyButton.swift */; };
/* End PBXBuildFile section */

/* Begin PBXContainerItemProxy section */
		071A79A92C3AA66A00077318 /* PBXContainerItemProxy */ = {
			isa = PBXContainerItemProxy;
			containerPortal = 07C532482C38865300DC54C6 /* Project object */;
			proxyType = 1;
			remoteGlobalIDString = 07C5324F2C38865300DC54C6;
			remoteInfo = ovault;
		};
		07C43BB32C3C830100BE0F34 /* PBXContainerItemProxy */ = {
			isa = PBXContainerItemProxy;
			containerPortal = 07C532482C38865300DC54C6 /* Project object */;
			proxyType = 1;
			remoteGlobalIDString = 07C43BAE2C3C830100BE0F34;
			remoteInfo = Models;
		};
		07C600A52CB2FB7A005F19B2 /* PBXContainerItemProxy */ = {
			isa = PBXContainerItemProxy;
			containerPortal = 07C532482C38865300DC54C6 /* Project object */;
			proxyType = 1;
			remoteGlobalIDString = 07C600952CB2FB7A005F19B2;
			remoteInfo = WidgetExtensionExtension;
		};
		07C600AE2CB30AE5005F19B2 /* PBXContainerItemProxy */ = {
			isa = PBXContainerItemProxy;
			containerPortal = 07C532482C38865300DC54C6 /* Project object */;
			proxyType = 1;
			remoteGlobalIDString = 07C43BAE2C3C830100BE0F34;
			remoteInfo = Models;
		};
/* End PBXContainerItemProxy section */

/* Begin PBXCopyFilesBuildPhase section */
		070F9A902C3C7EB000FB4297 /* Embed Foundation Extensions */ = {
			isa = PBXCopyFilesBuildPhase;
			buildActionMask = 2147483647;
			dstPath = "";
			dstSubfolderSpec = 13;
			files = (
				07C600A72CB2FB7A005F19B2 /* WidgetExtensionExtension.appex in Embed Foundation Extensions */,
			);
			name = "Embed Foundation Extensions";
			runOnlyForDeploymentPostprocessing = 0;
		};
		07C43BB62C3C830100BE0F34 /* Embed Frameworks */ = {
			isa = PBXCopyFilesBuildPhase;
			buildActionMask = 2147483647;
			dstPath = "";
			dstSubfolderSpec = 10;
			files = (
				07C43BB72C3C830100BE0F34 /* Models.framework in Embed Frameworks */,
			);
			name = "Embed Frameworks";
			runOnlyForDeploymentPostprocessing = 0;
		};
/* End PBXCopyFilesBuildPhase section */

/* Begin PBXFileReference section */
		070F9A782C3C706E00FB4297 /* Notifier.swift */ = {isa = PBXFileReference; lastKnownFileType = sourcecode.swift; path = Notifier.swift; sourceTree = "<group>"; };
		070F9A7F2C3C7EB000FB4297 /* WidgetKit.framework */ = {isa = PBXFileReference; lastKnownFileType = wrapper.framework; name = WidgetKit.framework; path = System/Library/Frameworks/WidgetKit.framework; sourceTree = SDKROOT; };
		070F9A812C3C7EB000FB4297 /* SwiftUI.framework */ = {isa = PBXFileReference; lastKnownFileType = wrapper.framework; name = SwiftUI.framework; path = System/Library/Frameworks/SwiftUI.framework; sourceTree = SDKROOT; };
		071A79992C3A94F400077318 /* Extensions.swift */ = {isa = PBXFileReference; lastKnownFileType = sourcecode.swift; path = Extensions.swift; sourceTree = "<group>"; };
		071A799C2C3A9D0900077318 /* Otp+From.swift */ = {isa = PBXFileReference; lastKnownFileType = sourcecode.swift; path = "Otp+From.swift"; sourceTree = "<group>"; };
		071A79A52C3AA66A00077318 /* OVaultTests.xctest */ = {isa = PBXFileReference; explicitFileType = wrapper.cfbundle; includeInIndex = 0; path = OVaultTests.xctest; sourceTree = BUILT_PRODUCTS_DIR; };
		071A79A72C3AA66A00077318 /* ovaultTests.swift */ = {isa = PBXFileReference; lastKnownFileType = sourcecode.swift; path = ovaultTests.swift; sourceTree = "<group>"; };
		072049562C3F02B400CA12B9 /* Keychain.swift */ = {isa = PBXFileReference; lastKnownFileType = sourcecode.swift; path = Keychain.swift; sourceTree = "<group>"; };
		0720495A2C3F170000CA12B9 /* Logger+Init.swift */ = {isa = PBXFileReference; lastKnownFileType = sourcecode.swift; path = "Logger+Init.swift"; sourceTree = "<group>"; };
		0767728A2CB3CF1E00F3A70F /* Models.h */ = {isa = PBXFileReference; lastKnownFileType = sourcecode.c.h; path = Models.h; sourceTree = "<group>"; };
		0767729D2CB40D5B00F3A70F /* WidgetExtensionExtension.entitlements */ = {isa = PBXFileReference; lastKnownFileType = text.plist.entitlements; path = WidgetExtensionExtension.entitlements; sourceTree = "<group>"; };
		0767D6CB2C3AAB8300E8462E /* Otp+OTP.swift */ = {isa = PBXFileReference; lastKnownFileType = sourcecode.swift; path = "Otp+OTP.swift"; sourceTree = "<group>"; };
		07BF2A202C3C3EFE00CB1FF5 /* AddOtpEntryView.swift */ = {isa = PBXFileReference; lastKnownFileType = sourcecode.swift; path = AddOtpEntryView.swift; sourceTree = "<group>"; };
		07BF2A222C3C3F3900CB1FF5 /* Otp+Blank.swift */ = {isa = PBXFileReference; lastKnownFileType = sourcecode.swift; path = "Otp+Blank.swift"; sourceTree = "<group>"; };
		07BF2A242C3C441E00CB1FF5 /* OVTextField.swift */ = {isa = PBXFileReference; lastKnownFileType = sourcecode.swift; path = OVTextField.swift; sourceTree = "<group>"; };
		07BF2A262C3C4A8E00CB1FF5 /* EditOtpEntryView.swift */ = {isa = PBXFileReference; lastKnownFileType = sourcecode.swift; path = EditOtpEntryView.swift; sourceTree = "<group>"; };
		07BF2A2A2C3C59A500CB1FF5 /* Info.plist */ = {isa = PBXFileReference; lastKnownFileType = text.plist; path = Info.plist; sourceTree = "<group>"; };
		07C43BAF2C3C830100BE0F34 /* Models.framework */ = {isa = PBXFileReference; explicitFileType = wrapper.framework; includeInIndex = 0; path = Models.framework; sourceTree = BUILT_PRODUCTS_DIR; };
		07C43BC62C3C89D300BE0F34 /* Otp+Debug.swift */ = {isa = PBXFileReference; lastKnownFileType = sourcecode.swift; path = "Otp+Debug.swift"; sourceTree = "<group>"; };
		07C532502C38865300DC54C6 /* OVault.app */ = {isa = PBXFileReference; explicitFileType = wrapper.application; includeInIndex = 0; path = OVault.app; sourceTree = BUILT_PRODUCTS_DIR; };
		07C532532C38865300DC54C6 /* OVaultApp.swift */ = {isa = PBXFileReference; lastKnownFileType = sourcecode.swift; path = OVaultApp.swift; sourceTree = "<group>"; };
		07C532552C38865300DC54C6 /* ContentView.swift */ = {isa = PBXFileReference; lastKnownFileType = sourcecode.swift; path = ContentView.swift; sourceTree = "<group>"; };
		07C532572C38865300DC54C6 /* Otp.swift */ = {isa = PBXFileReference; lastKnownFileType = sourcecode.swift; path = Otp.swift; sourceTree = "<group>"; };
		07C532592C38865300DC54C6 /* Assets.xcassets */ = {isa = PBXFileReference; lastKnownFileType = folder.assetcatalog; path = Assets.xcassets; sourceTree = "<group>"; };
		07C5325B2C38865300DC54C6 /* OVault.entitlements */ = {isa = PBXFileReference; lastKnownFileType = text.plist.entitlements; path = OVault.entitlements; sourceTree = "<group>"; };
		07C5325D2C38865300DC54C6 /* Preview Assets.xcassets */ = {isa = PBXFileReference; lastKnownFileType = folder.assetcatalog; path = "Preview Assets.xcassets"; sourceTree = "<group>"; };
		07C6007F2CB2DBCD005F19B2 /* KeychainData.swift */ = {isa = PBXFileReference; lastKnownFileType = sourcecode.swift; path = KeychainData.swift; sourceTree = "<group>"; };
		07C600902CB2E948005F19B2 /* AsyncButton.swift */ = {isa = PBXFileReference; lastKnownFileType = sourcecode.swift; path = AsyncButton.swift; sourceTree = "<group>"; };
		07C600962CB2FB7A005F19B2 /* WidgetExtensionExtension.appex */ = {isa = PBXFileReference; explicitFileType = "wrapper.app-extension"; includeInIndex = 0; path = WidgetExtensionExtension.appex; sourceTree = BUILT_PRODUCTS_DIR; };
		07EF0ED92C3DBC1400F61BDF /* OtpQrScannerView.swift */ = {isa = PBXFileReference; lastKnownFileType = sourcecode.swift; path = OtpQrScannerView.swift; sourceTree = "<group>"; };
		07EF0EDB2C3DC62800F61BDF /* example-qr-code.png */ = {isa = PBXFileReference; lastKnownFileType = image.png; path = "example-qr-code.png"; sourceTree = "<group>"; };
		07EF0EDC2C3DC62800F61BDF /* Examples.md */ = {isa = PBXFileReference; lastKnownFileType = net.daringfireball.markdown; path = Examples.md; sourceTree = "<group>"; };
		07F630F12C3B18FF00A10485 /* OtpEntryView.swift */ = {isa = PBXFileReference; lastKnownFileType = sourcecode.swift; path = OtpEntryView.swift; sourceTree = "<group>"; };
		07F630F32C3B28DC00A10485 /* CopyButton.swift */ = {isa = PBXFileReference; lastKnownFileType = sourcecode.swift; path = CopyButton.swift; sourceTree = "<group>"; };
/* End PBXFileReference section */

/* Begin PBXFileSystemSynchronizedBuildFileExceptionSet section */
		07C600A82CB2FB7A005F19B2 /* PBXFileSystemSynchronizedBuildFileExceptionSet */ = {
			isa = PBXFileSystemSynchronizedBuildFileExceptionSet;
			membershipExceptions = (
				Info.plist,
			);
			target = 07C600952CB2FB7A005F19B2 /* WidgetExtensionExtension */;
		};
/* End PBXFileSystemSynchronizedBuildFileExceptionSet section */

/* Begin PBXFileSystemSynchronizedRootGroup section */
		07C600992CB2FB7A005F19B2 /* WidgetExtension */ = {isa = PBXFileSystemSynchronizedRootGroup; exceptions = (07C600A82CB2FB7A005F19B2 /* PBXFileSystemSynchronizedBuildFileExceptionSet */, ); explicitFileTypes = {}; explicitFolders = (); path = WidgetExtension; sourceTree = "<group>"; };
/* End PBXFileSystemSynchronizedRootGroup section */

/* Begin PBXFrameworksBuildPhase section */
		071A79A22C3AA66A00077318 /* Frameworks */ = {
			isa = PBXFrameworksBuildPhase;
			buildActionMask = 2147483647;
			files = (
			);
			runOnlyForDeploymentPostprocessing = 0;
		};
		07C43BAC2C3C830100BE0F34 /* Frameworks */ = {
			isa = PBXFrameworksBuildPhase;
			buildActionMask = 2147483647;
			files = (
				07C43BC32C3C837500BE0F34 /* Base32 in Frameworks */,
			);
			runOnlyForDeploymentPostprocessing = 0;
		};
		07C5324D2C38865300DC54C6 /* Frameworks */ = {
			isa = PBXFrameworksBuildPhase;
			buildActionMask = 2147483647;
			files = (
				07EF0ED82C3DBBF900F61BDF /* CodeScanner in Frameworks */,
				07C43BB52C3C830100BE0F34 /* Models.framework in Frameworks */,
			);
			runOnlyForDeploymentPostprocessing = 0;
		};
		07C600932CB2FB7A005F19B2 /* Frameworks */ = {
			isa = PBXFrameworksBuildPhase;
			buildActionMask = 2147483647;
			files = (
				07C600982CB2FB7A005F19B2 /* SwiftUI.framework in Frameworks */,
				07C600972CB2FB7A005F19B2 /* WidgetKit.framework in Frameworks */,
				07C600AC2CB30AE5005F19B2 /* Models.framework in Frameworks */,
			);
			runOnlyForDeploymentPostprocessing = 0;
		};
/* End PBXFrameworksBuildPhase section */

/* Begin PBXGroup section */
		071A79A62C3AA66A00077318 /* OVaultTests */ = {
			isa = PBXGroup;
			children = (
				071A79A72C3AA66A00077318 /* ovaultTests.swift */,
			);
			path = OVaultTests;
			sourceTree = "<group>";
		};
		072049592C3F104600CA12B9 /* Services */ = {
			isa = PBXGroup;
			children = (
				072049562C3F02B400CA12B9 /* Keychain.swift */,
				0720495A2C3F170000CA12B9 /* Logger+Init.swift */,
			);
			path = Services;
			sourceTree = "<group>";
		};
		073BF6B92C3DB6DD00DCA0A1 /* Services */ = {
			isa = PBXGroup;
			children = (
				070F9A782C3C706E00FB4297 /* Notifier.swift */,
			);
			path = Services;
			sourceTree = "<group>";
		};
		07B523CA2C3AC96B002EEEEB /* Frameworks */ = {
			isa = PBXGroup;
			children = (
				070F9A7F2C3C7EB000FB4297 /* WidgetKit.framework */,
				070F9A812C3C7EB000FB4297 /* SwiftUI.framework */,
			);
			name = Frameworks;
			sourceTree = "<group>";
		};
		07C43BB02C3C830100BE0F34 /* Models */ = {
			isa = PBXGroup;
			children = (
				0767728A2CB3CF1E00F3A70F /* Models.h */,
				072049592C3F104600CA12B9 /* Services */,
				07C6007F2CB2DBCD005F19B2 /* KeychainData.swift */,
				07C532572C38865300DC54C6 /* Otp.swift */,
				07BF2A222C3C3F3900CB1FF5 /* Otp+Blank.swift */,
				071A799C2C3A9D0900077318 /* Otp+From.swift */,
				0767D6CB2C3AAB8300E8462E /* Otp+OTP.swift */,
				07C43BC62C3C89D300BE0F34 /* Otp+Debug.swift */,
			);
			path = Models;
			sourceTree = "<group>";
		};
		07C532472C38865300DC54C6 = {
			isa = PBXGroup;
			children = (
				0767729D2CB40D5B00F3A70F /* WidgetExtensionExtension.entitlements */,
				07EF0EDD2C3DC62800F61BDF /* Docs */,
				07C532522C38865300DC54C6 /* OVault */,
				071A79A62C3AA66A00077318 /* OVaultTests */,
				07C43BB02C3C830100BE0F34 /* Models */,
				07C600992CB2FB7A005F19B2 /* WidgetExtension */,
				07C532512C38865300DC54C6 /* Products */,
				07B523CA2C3AC96B002EEEEB /* Frameworks */,
			);
			sourceTree = "<group>";
		};
		07C532512C38865300DC54C6 /* Products */ = {
			isa = PBXGroup;
			children = (
				07C532502C38865300DC54C6 /* OVault.app */,
				071A79A52C3AA66A00077318 /* OVaultTests.xctest */,
				07C43BAF2C3C830100BE0F34 /* Models.framework */,
				07C600962CB2FB7A005F19B2 /* WidgetExtensionExtension.appex */,
			);
			name = Products;
			sourceTree = "<group>";
		};
		07C532522C38865300DC54C6 /* OVault */ = {
			isa = PBXGroup;
			children = (
				07C532592C38865300DC54C6 /* Assets.xcassets */,
				07BF2A2A2C3C59A500CB1FF5 /* Info.plist */,
				07C5325B2C38865300DC54C6 /* OVault.entitlements */,
				07C532532C38865300DC54C6 /* OVaultApp.swift */,
				07C532552C38865300DC54C6 /* ContentView.swift */,
				073BF6B92C3DB6DD00DCA0A1 /* Services */,
				07F630F02C3B18E200A10485 /* Views */,
				07C5325C2C38865300DC54C6 /* Preview Content */,
			);
			path = OVault;
			sourceTree = "<group>";
		};
		07C5325C2C38865300DC54C6 /* Preview Content */ = {
			isa = PBXGroup;
			children = (
				07C5325D2C38865300DC54C6 /* Preview Assets.xcassets */,
				071A79992C3A94F400077318 /* Extensions.swift */,
			);
			path = "Preview Content";
			sourceTree = "<group>";
		};
		07EF0EDD2C3DC62800F61BDF /* Docs */ = {
			isa = PBXGroup;
			children = (
				07EF0EDB2C3DC62800F61BDF /* example-qr-code.png */,
				07EF0EDC2C3DC62800F61BDF /* Examples.md */,
			);
			path = Docs;
			sourceTree = "<group>";
		};
		07F630F02C3B18E200A10485 /* Views */ = {
			isa = PBXGroup;
			children = (
				07C600902CB2E948005F19B2 /* AsyncButton.swift */,
				07F630F32C3B28DC00A10485 /* CopyButton.swift */,
				07F630F12C3B18FF00A10485 /* OtpEntryView.swift */,
				07BF2A202C3C3EFE00CB1FF5 /* AddOtpEntryView.swift */,
				07BF2A262C3C4A8E00CB1FF5 /* EditOtpEntryView.swift */,
				07BF2A242C3C441E00CB1FF5 /* OVTextField.swift */,
				07EF0ED92C3DBC1400F61BDF /* OtpQrScannerView.swift */,
			);
			path = Views;
			sourceTree = "<group>";
		};
/* End PBXGroup section */

/* Begin PBXHeadersBuildPhase section */
		07C43BAA2C3C830100BE0F34 /* Headers */ = {
			isa = PBXHeadersBuildPhase;
			buildActionMask = 2147483647;
			files = (
				0767728B2CB3CF1E00F3A70F /* Models.h in Headers */,
			);
			runOnlyForDeploymentPostprocessing = 0;
		};
/* End PBXHeadersBuildPhase section */

/* Begin PBXNativeTarget section */
		071A79A42C3AA66A00077318 /* OVaultTests */ = {
			isa = PBXNativeTarget;
			buildConfigurationList = 071A79AB2C3AA66A00077318 /* Build configuration list for PBXNativeTarget "OVaultTests" */;
			buildPhases = (
				071A79A12C3AA66A00077318 /* Sources */,
				071A79A22C3AA66A00077318 /* Frameworks */,
				071A79A32C3AA66A00077318 /* Resources */,
			);
			buildRules = (
			);
			dependencies = (
				071A79AA2C3AA66A00077318 /* PBXTargetDependency */,
			);
			name = OVaultTests;
			productName = ovaultTests;
			productReference = 071A79A52C3AA66A00077318 /* OVaultTests.xctest */;
			productType = "com.apple.product-type.bundle.unit-test";
		};
		07C43BAE2C3C830100BE0F34 /* Models */ = {
			isa = PBXNativeTarget;
			buildConfigurationList = 07C43BB82C3C830100BE0F34 /* Build configuration list for PBXNativeTarget "Models" */;
			buildPhases = (
				07C43BAA2C3C830100BE0F34 /* Headers */,
				07C43BAB2C3C830100BE0F34 /* Sources */,
				07C43BAC2C3C830100BE0F34 /* Frameworks */,
				07C43BAD2C3C830100BE0F34 /* Resources */,
			);
			buildRules = (
			);
			dependencies = (
			);
			name = Models;
			packageProductDependencies = (
				07C43BC22C3C837500BE0F34 /* Base32 */,
			);
			productName = Models;
			productReference = 07C43BAF2C3C830100BE0F34 /* Models.framework */;
			productType = "com.apple.product-type.framework";
		};
		07C5324F2C38865300DC54C6 /* OVault */ = {
			isa = PBXNativeTarget;
			buildConfigurationList = 07C532612C38865300DC54C6 /* Build configuration list for PBXNativeTarget "OVault" */;
			buildPhases = (
				07C5324C2C38865300DC54C6 /* Sources */,
				07C5324D2C38865300DC54C6 /* Frameworks */,
				07C5324E2C38865300DC54C6 /* Resources */,
				070F9A902C3C7EB000FB4297 /* Embed Foundation Extensions */,
				07C43BB62C3C830100BE0F34 /* Embed Frameworks */,
			);
			buildRules = (
			);
			dependencies = (
				07C43BB42C3C830100BE0F34 /* PBXTargetDependency */,
				07C600A62CB2FB7A005F19B2 /* PBXTargetDependency */,
			);
			name = OVault;
			packageProductDependencies = (
				07EF0ED72C3DBBF900F61BDF /* CodeScanner */,
			);
			productName = ovault;
			productReference = 07C532502C38865300DC54C6 /* OVault.app */;
			productType = "com.apple.product-type.application";
		};
		07C600952CB2FB7A005F19B2 /* WidgetExtensionExtension */ = {
			isa = PBXNativeTarget;
			buildConfigurationList = 07C600A92CB2FB7A005F19B2 /* Build configuration list for PBXNativeTarget "WidgetExtensionExtension" */;
			buildPhases = (
				07C600922CB2FB7A005F19B2 /* Sources */,
				07C600932CB2FB7A005F19B2 /* Frameworks */,
				07C600942CB2FB7A005F19B2 /* Resources */,
			);
			buildRules = (
			);
			dependencies = (
				07C600AF2CB30AE5005F19B2 /* PBXTargetDependency */,
			);
			fileSystemSynchronizedGroups = (
				07C600992CB2FB7A005F19B2 /* WidgetExtension */,
			);
			name = WidgetExtensionExtension;
			packageProductDependencies = (
			);
			productName = WidgetExtensionExtension;
			productReference = 07C600962CB2FB7A005F19B2 /* WidgetExtensionExtension.appex */;
			productType = "com.apple.product-type.app-extension";
		};
/* End PBXNativeTarget section */

/* Begin PBXProject section */
		07C532482C38865300DC54C6 /* Project object */ = {
			isa = PBXProject;
			attributes = {
				BuildIndependentTargetsInParallel = 1;
				LastSwiftUpdateCheck = 1600;
				LastUpgradeCheck = 1600;
				TargetAttributes = {
					071A79A42C3AA66A00077318 = {
						CreatedOnToolsVersion = 15.4;
						TestTargetID = 07C5324F2C38865300DC54C6;
					};
					07C43BAE2C3C830100BE0F34 = {
						CreatedOnToolsVersion = 15.4;
					};
					07C5324F2C38865300DC54C6 = {
						CreatedOnToolsVersion = 15.4;
					};
					07C600952CB2FB7A005F19B2 = {
						CreatedOnToolsVersion = 16.0;
					};
				};
			};
			buildConfigurationList = 07C5324B2C38865300DC54C6 /* Build configuration list for PBXProject "OVault" */;
			compatibilityVersion = "Xcode 14.0";
			developmentRegion = en;
			hasScannedForEncodings = 0;
			knownRegions = (
				en,
				Base,
			);
			mainGroup = 07C532472C38865300DC54C6;
			packageReferences = (
				07C43BC12C3C837500BE0F34 /* XCRemoteSwiftPackageReference "Base32" */,
				07EF0ED62C3DBBF900F61BDF /* XCRemoteSwiftPackageReference "CodeScanner" */,
			);
			productRefGroup = 07C532512C38865300DC54C6 /* Products */;
			projectDirPath = "";
			projectRoot = "";
			targets = (
				07C5324F2C38865300DC54C6 /* OVault */,
				071A79A42C3AA66A00077318 /* OVaultTests */,
				07C43BAE2C3C830100BE0F34 /* Models */,
				07C600952CB2FB7A005F19B2 /* WidgetExtensionExtension */,
			);
		};
/* End PBXProject section */

/* Begin PBXResourcesBuildPhase section */
		071A79A32C3AA66A00077318 /* Resources */ = {
			isa = PBXResourcesBuildPhase;
			buildActionMask = 2147483647;
			files = (
			);
			runOnlyForDeploymentPostprocessing = 0;
		};
		07C43BAD2C3C830100BE0F34 /* Resources */ = {
			isa = PBXResourcesBuildPhase;
			buildActionMask = 2147483647;
			files = (
			);
			runOnlyForDeploymentPostprocessing = 0;
		};
		07C5324E2C38865300DC54C6 /* Resources */ = {
			isa = PBXResourcesBuildPhase;
			buildActionMask = 2147483647;
			files = (
				07C5325E2C38865300DC54C6 /* Preview Assets.xcassets in Resources */,
				07C5325A2C38865300DC54C6 /* Assets.xcassets in Resources */,
			);
			runOnlyForDeploymentPostprocessing = 0;
		};
		07C600942CB2FB7A005F19B2 /* Resources */ = {
			isa = PBXResourcesBuildPhase;
			buildActionMask = 2147483647;
			files = (
			);
			runOnlyForDeploymentPostprocessing = 0;
		};
/* End PBXResourcesBuildPhase section */

/* Begin PBXSourcesBuildPhase section */
		071A79A12C3AA66A00077318 /* Sources */ = {
			isa = PBXSourcesBuildPhase;
			buildActionMask = 2147483647;
			files = (
				071A79A82C3AA66A00077318 /* ovaultTests.swift in Sources */,
			);
			runOnlyForDeploymentPostprocessing = 0;
		};
		07C43BAB2C3C830100BE0F34 /* Sources */ = {
			isa = PBXSourcesBuildPhase;
			buildActionMask = 2147483647;
			files = (
				07C600802CB2DBD1005F19B2 /* KeychainData.swift in Sources */,
				07C43BC02C3C832800BE0F34 /* Otp+OTP.swift in Sources */,
				07C43BBE2C3C832800BE0F34 /* Otp+From.swift in Sources */,
				07C43BC72C3C89D300BE0F34 /* Otp+Debug.swift in Sources */,
				07C43BBD2C3C832800BE0F34 /* Otp.swift in Sources */,
				07C43BBF2C3C832800BE0F34 /* Otp+Blank.swift in Sources */,
				0720495B2C3F170000CA12B9 /* Logger+Init.swift in Sources */,
				072049582C3F097C00CA12B9 /* Keychain.swift in Sources */,
			);
			runOnlyForDeploymentPostprocessing = 0;
		};
		07C5324C2C38865300DC54C6 /* Sources */ = {
			isa = PBXSourcesBuildPhase;
			buildActionMask = 2147483647;
			files = (
				07C600912CB2E948005F19B2 /* AsyncButton.swift in Sources */,
				07F630F42C3B28DC00A10485 /* CopyButton.swift in Sources */,
				07C532562C38865300DC54C6 /* ContentView.swift in Sources */,
				07BF2A252C3C441E00CB1FF5 /* OVTextField.swift in Sources */,
				07BF2A272C3C4A8E00CB1FF5 /* EditOtpEntryView.swift in Sources */,
				07BF2A212C3C3EFE00CB1FF5 /* AddOtpEntryView.swift in Sources */,
				07C532542C38865300DC54C6 /* OVaultApp.swift in Sources */,
				07F630F22C3B18FF00A10485 /* OtpEntryView.swift in Sources */,
				070F9A792C3C706E00FB4297 /* Notifier.swift in Sources */,
				07EF0EDA2C3DBC1400F61BDF /* OtpQrScannerView.swift in Sources */,
				071A799A2C3A94F400077318 /* Extensions.swift in Sources */,
			);
			runOnlyForDeploymentPostprocessing = 0;
		};
		07C600922CB2FB7A005F19B2 /* Sources */ = {
			isa = PBXSourcesBuildPhase;
			buildActionMask = 2147483647;
			files = (
			);
			runOnlyForDeploymentPostprocessing = 0;
		};
/* End PBXSourcesBuildPhase section */

/* Begin PBXTargetDependency section */
		071A79AA2C3AA66A00077318 /* PBXTargetDependency */ = {
			isa = PBXTargetDependency;
			target = 07C5324F2C38865300DC54C6 /* OVault */;
			targetProxy = 071A79A92C3AA66A00077318 /* PBXContainerItemProxy */;
		};
		07C43BB42C3C830100BE0F34 /* PBXTargetDependency */ = {
			isa = PBXTargetDependency;
			target = 07C43BAE2C3C830100BE0F34 /* Models */;
			targetProxy = 07C43BB32C3C830100BE0F34 /* PBXContainerItemProxy */;
		};
		07C600A62CB2FB7A005F19B2 /* PBXTargetDependency */ = {
			isa = PBXTargetDependency;
			target = 07C600952CB2FB7A005F19B2 /* WidgetExtensionExtension */;
			targetProxy = 07C600A52CB2FB7A005F19B2 /* PBXContainerItemProxy */;
		};
		07C600AF2CB30AE5005F19B2 /* PBXTargetDependency */ = {
			isa = PBXTargetDependency;
			target = 07C43BAE2C3C830100BE0F34 /* Models */;
			targetProxy = 07C600AE2CB30AE5005F19B2 /* PBXContainerItemProxy */;
		};
/* End PBXTargetDependency section */

/* Begin XCBuildConfiguration section */
		071A79AC2C3AA66A00077318 /* Debug */ = {
			isa = XCBuildConfiguration;
			buildSettings = {
				BUNDLE_LOADER = "$(TEST_HOST)";
				CODE_SIGN_STYLE = Automatic;
				CURRENT_PROJECT_VERSION = 1;
				DEVELOPMENT_TEAM = KED4M385SL;
				GENERATE_INFOPLIST_FILE = YES;
				IPHONEOS_DEPLOYMENT_TARGET = 17.5;
				MACOSX_DEPLOYMENT_TARGET = 14.0;
				MARKETING_VERSION = 1.0;
				PRODUCT_BUNDLE_IDENTIFIER = net.ovault.ovaultTests;
				PRODUCT_NAME = "$(TARGET_NAME)";
				SDKROOT = iphoneos;
				SUPPORTED_PLATFORMS = "iphoneos iphonesimulator macosx";
				SUPPORTS_MACCATALYST = NO;
				SUPPORTS_MAC_DESIGNED_FOR_IPHONE_IPAD = NO;
				SUPPORTS_XR_DESIGNED_FOR_IPHONE_IPAD = NO;
				SWIFT_EMIT_LOC_STRINGS = NO;
				SWIFT_VERSION = 5.0;
				TARGETED_DEVICE_FAMILY = "1,2";
				TEST_HOST = "$(BUILT_PRODUCTS_DIR)/OVault.app/$(BUNDLE_EXECUTABLE_FOLDER_PATH)/OVault";
			};
			name = Debug;
		};
		071A79AD2C3AA66A00077318 /* Release */ = {
			isa = XCBuildConfiguration;
			buildSettings = {
				BUNDLE_LOADER = "$(TEST_HOST)";
				CODE_SIGN_STYLE = Automatic;
				CURRENT_PROJECT_VERSION = 1;
				DEVELOPMENT_TEAM = KED4M385SL;
				GENERATE_INFOPLIST_FILE = YES;
				IPHONEOS_DEPLOYMENT_TARGET = 17.5;
				MACOSX_DEPLOYMENT_TARGET = 14.0;
				MARKETING_VERSION = 1.0;
				PRODUCT_BUNDLE_IDENTIFIER = net.ovault.ovaultTests;
				PRODUCT_NAME = "$(TARGET_NAME)";
				SDKROOT = iphoneos;
				SUPPORTED_PLATFORMS = "iphoneos iphonesimulator macosx";
				SUPPORTS_MACCATALYST = NO;
				SUPPORTS_MAC_DESIGNED_FOR_IPHONE_IPAD = NO;
				SUPPORTS_XR_DESIGNED_FOR_IPHONE_IPAD = NO;
				SWIFT_EMIT_LOC_STRINGS = NO;
				SWIFT_VERSION = 5.0;
				TARGETED_DEVICE_FAMILY = "1,2";
				TEST_HOST = "$(BUILT_PRODUCTS_DIR)/OVault.app/$(BUNDLE_EXECUTABLE_FOLDER_PATH)/OVault";
				VALIDATE_PRODUCT = YES;
			};
			name = Release;
		};
		07C43BB92C3C830100BE0F34 /* Debug */ = {
			isa = XCBuildConfiguration;
			buildSettings = {
				BUILD_LIBRARY_FOR_DISTRIBUTION = YES;
				CODE_SIGN_IDENTITY = "";
				CODE_SIGN_STYLE = Automatic;
				CURRENT_PROJECT_VERSION = 1;
				DEFINES_MODULE = YES;
				DEVELOPMENT_TEAM = KED4M385SL;
				DYLIB_COMPATIBILITY_VERSION = 1;
				DYLIB_CURRENT_VERSION = 1;
				DYLIB_INSTALL_NAME_BASE = "@rpath";
				ENABLE_MODULE_VERIFIER = YES;
				GENERATE_INFOPLIST_FILE = YES;
				INFOPLIST_KEY_NSHumanReadableCopyright = "";
				INSTALL_PATH = "$(LOCAL_LIBRARY_DIR)/Frameworks";
				IPHONEOS_DEPLOYMENT_TARGET = 17.5;
				LD_RUNPATH_SEARCH_PATHS = (
					"$(inherited)",
					"@executable_path/Frameworks",
					"@loader_path/Frameworks",
				);
				MACOSX_DEPLOYMENT_TARGET = 14.6;
				MARKETING_VERSION = 1.0;
				MODULE_VERIFIER_SUPPORTED_LANGUAGES = "objective-c objective-c++";
				MODULE_VERIFIER_SUPPORTED_LANGUAGE_STANDARDS = "gnu17 gnu++20";
				PRODUCT_BUNDLE_IDENTIFIER = net.ovault.Models;
				PRODUCT_NAME = "$(TARGET_NAME:c99extidentifier)";
				SDKROOT = iphoneos;
				SKIP_INSTALL = YES;
				SUPPORTED_PLATFORMS = "iphoneos iphonesimulator macosx";
				SUPPORTS_MACCATALYST = NO;
				SUPPORTS_MAC_DESIGNED_FOR_IPHONE_IPAD = NO;
				SUPPORTS_XR_DESIGNED_FOR_IPHONE_IPAD = NO;
				SWIFT_EMIT_LOC_STRINGS = YES;
				SWIFT_INSTALL_OBJC_HEADER = NO;
				SWIFT_VERSION = 5.0;
				TARGETED_DEVICE_FAMILY = "1,2";
				VERSIONING_SYSTEM = "apple-generic";
				VERSION_INFO_PREFIX = "";
			};
			name = Debug;
		};
		07C43BBA2C3C830100BE0F34 /* Release */ = {
			isa = XCBuildConfiguration;
			buildSettings = {
				BUILD_LIBRARY_FOR_DISTRIBUTION = YES;
				CODE_SIGN_IDENTITY = "";
				CODE_SIGN_STYLE = Automatic;
				CURRENT_PROJECT_VERSION = 1;
				DEFINES_MODULE = YES;
				DEVELOPMENT_TEAM = KED4M385SL;
				DYLIB_COMPATIBILITY_VERSION = 1;
				DYLIB_CURRENT_VERSION = 1;
				DYLIB_INSTALL_NAME_BASE = "@rpath";
				ENABLE_MODULE_VERIFIER = YES;
				GENERATE_INFOPLIST_FILE = YES;
				INFOPLIST_KEY_NSHumanReadableCopyright = "";
				INSTALL_PATH = "$(LOCAL_LIBRARY_DIR)/Frameworks";
				IPHONEOS_DEPLOYMENT_TARGET = 17.5;
				LD_RUNPATH_SEARCH_PATHS = (
					"$(inherited)",
					"@executable_path/Frameworks",
					"@loader_path/Frameworks",
				);
				MACOSX_DEPLOYMENT_TARGET = 14.6;
				MARKETING_VERSION = 1.0;
				MODULE_VERIFIER_SUPPORTED_LANGUAGES = "objective-c objective-c++";
				MODULE_VERIFIER_SUPPORTED_LANGUAGE_STANDARDS = "gnu17 gnu++20";
				PRODUCT_BUNDLE_IDENTIFIER = net.ovault.Models;
				PRODUCT_NAME = "$(TARGET_NAME:c99extidentifier)";
				SDKROOT = iphoneos;
				SKIP_INSTALL = YES;
				SUPPORTED_PLATFORMS = "iphoneos iphonesimulator macosx";
				SUPPORTS_MACCATALYST = NO;
				SUPPORTS_MAC_DESIGNED_FOR_IPHONE_IPAD = NO;
				SUPPORTS_XR_DESIGNED_FOR_IPHONE_IPAD = NO;
				SWIFT_EMIT_LOC_STRINGS = YES;
				SWIFT_INSTALL_OBJC_HEADER = NO;
				SWIFT_VERSION = 5.0;
				TARGETED_DEVICE_FAMILY = "1,2";
				VALIDATE_PRODUCT = YES;
				VERSIONING_SYSTEM = "apple-generic";
				VERSION_INFO_PREFIX = "";
			};
			name = Release;
		};
		07C5325F2C38865300DC54C6 /* Debug */ = {
			isa = XCBuildConfiguration;
			buildSettings = {
				ALWAYS_SEARCH_USER_PATHS = NO;
				ASSETCATALOG_COMPILER_GENERATE_SWIFT_ASSET_SYMBOL_EXTENSIONS = YES;
				CLANG_ANALYZER_NONNULL = YES;
				CLANG_ANALYZER_NUMBER_OBJECT_CONVERSION = YES_AGGRESSIVE;
				CLANG_CXX_LANGUAGE_STANDARD = "gnu++20";
				CLANG_ENABLE_MODULES = YES;
				CLANG_ENABLE_OBJC_ARC = YES;
				CLANG_ENABLE_OBJC_WEAK = YES;
				CLANG_WARN_BLOCK_CAPTURE_AUTORELEASING = YES;
				CLANG_WARN_BOOL_CONVERSION = YES;
				CLANG_WARN_COMMA = YES;
				CLANG_WARN_CONSTANT_CONVERSION = YES;
				CLANG_WARN_DEPRECATED_OBJC_IMPLEMENTATIONS = YES;
				CLANG_WARN_DIRECT_OBJC_ISA_USAGE = YES_ERROR;
				CLANG_WARN_DOCUMENTATION_COMMENTS = YES;
				CLANG_WARN_EMPTY_BODY = YES;
				CLANG_WARN_ENUM_CONVERSION = YES;
				CLANG_WARN_INFINITE_RECURSION = YES;
				CLANG_WARN_INT_CONVERSION = YES;
				CLANG_WARN_NON_LITERAL_NULL_CONVERSION = YES;
				CLANG_WARN_OBJC_IMPLICIT_RETAIN_SELF = YES;
				CLANG_WARN_OBJC_LITERAL_CONVERSION = YES;
				CLANG_WARN_OBJC_ROOT_CLASS = YES_ERROR;
				CLANG_WARN_QUOTED_INCLUDE_IN_FRAMEWORK_HEADER = YES;
				CLANG_WARN_RANGE_LOOP_ANALYSIS = YES;
				CLANG_WARN_STRICT_PROTOTYPES = YES;
				CLANG_WARN_SUSPICIOUS_MOVE = YES;
				CLANG_WARN_UNGUARDED_AVAILABILITY = YES_AGGRESSIVE;
				CLANG_WARN_UNREACHABLE_CODE = YES;
				CLANG_WARN__DUPLICATE_METHOD_MATCH = YES;
				COPY_PHASE_STRIP = NO;
				DEAD_CODE_STRIPPING = YES;
				DEBUG_INFORMATION_FORMAT = dwarf;
				ENABLE_STRICT_OBJC_MSGSEND = YES;
				ENABLE_TESTABILITY = YES;
				ENABLE_USER_SCRIPT_SANDBOXING = YES;
				GCC_C_LANGUAGE_STANDARD = gnu17;
				GCC_DYNAMIC_NO_PIC = NO;
				GCC_NO_COMMON_BLOCKS = YES;
				GCC_OPTIMIZATION_LEVEL = 0;
				GCC_PREPROCESSOR_DEFINITIONS = (
					"DEBUG=1",
					"$(inherited)",
				);
				GCC_WARN_64_TO_32_BIT_CONVERSION = YES;
				GCC_WARN_ABOUT_RETURN_TYPE = YES_ERROR;
				GCC_WARN_UNDECLARED_SELECTOR = YES;
				GCC_WARN_UNINITIALIZED_AUTOS = YES_AGGRESSIVE;
				GCC_WARN_UNUSED_FUNCTION = YES;
				GCC_WARN_UNUSED_VARIABLE = YES;
				LOCALIZATION_PREFERS_STRING_CATALOGS = YES;
				MTL_ENABLE_DEBUG_INFO = INCLUDE_SOURCE;
				MTL_FAST_MATH = YES;
				ONLY_ACTIVE_ARCH = YES;
				SWIFT_ACTIVE_COMPILATION_CONDITIONS = "DEBUG $(inherited)";
				SWIFT_OPTIMIZATION_LEVEL = "-Onone";
			};
			name = Debug;
		};
		07C532602C38865300DC54C6 /* Release */ = {
			isa = XCBuildConfiguration;
			buildSettings = {
				ALWAYS_SEARCH_USER_PATHS = NO;
				ASSETCATALOG_COMPILER_GENERATE_SWIFT_ASSET_SYMBOL_EXTENSIONS = YES;
				CLANG_ANALYZER_NONNULL = YES;
				CLANG_ANALYZER_NUMBER_OBJECT_CONVERSION = YES_AGGRESSIVE;
				CLANG_CXX_LANGUAGE_STANDARD = "gnu++20";
				CLANG_ENABLE_MODULES = YES;
				CLANG_ENABLE_OBJC_ARC = YES;
				CLANG_ENABLE_OBJC_WEAK = YES;
				CLANG_WARN_BLOCK_CAPTURE_AUTORELEASING = YES;
				CLANG_WARN_BOOL_CONVERSION = YES;
				CLANG_WARN_COMMA = YES;
				CLANG_WARN_CONSTANT_CONVERSION = YES;
				CLANG_WARN_DEPRECATED_OBJC_IMPLEMENTATIONS = YES;
				CLANG_WARN_DIRECT_OBJC_ISA_USAGE = YES_ERROR;
				CLANG_WARN_DOCUMENTATION_COMMENTS = YES;
				CLANG_WARN_EMPTY_BODY = YES;
				CLANG_WARN_ENUM_CONVERSION = YES;
				CLANG_WARN_INFINITE_RECURSION = YES;
				CLANG_WARN_INT_CONVERSION = YES;
				CLANG_WARN_NON_LITERAL_NULL_CONVERSION = YES;
				CLANG_WARN_OBJC_IMPLICIT_RETAIN_SELF = YES;
				CLANG_WARN_OBJC_LITERAL_CONVERSION = YES;
				CLANG_WARN_OBJC_ROOT_CLASS = YES_ERROR;
				CLANG_WARN_QUOTED_INCLUDE_IN_FRAMEWORK_HEADER = YES;
				CLANG_WARN_RANGE_LOOP_ANALYSIS = YES;
				CLANG_WARN_STRICT_PROTOTYPES = YES;
				CLANG_WARN_SUSPICIOUS_MOVE = YES;
				CLANG_WARN_UNGUARDED_AVAILABILITY = YES_AGGRESSIVE;
				CLANG_WARN_UNREACHABLE_CODE = YES;
				CLANG_WARN__DUPLICATE_METHOD_MATCH = YES;
				COPY_PHASE_STRIP = NO;
				DEAD_CODE_STRIPPING = YES;
				DEBUG_INFORMATION_FORMAT = "dwarf-with-dsym";
				ENABLE_NS_ASSERTIONS = NO;
				ENABLE_STRICT_OBJC_MSGSEND = YES;
				ENABLE_USER_SCRIPT_SANDBOXING = YES;
				GCC_C_LANGUAGE_STANDARD = gnu17;
				GCC_NO_COMMON_BLOCKS = YES;
				GCC_WARN_64_TO_32_BIT_CONVERSION = YES;
				GCC_WARN_ABOUT_RETURN_TYPE = YES_ERROR;
				GCC_WARN_UNDECLARED_SELECTOR = YES;
				GCC_WARN_UNINITIALIZED_AUTOS = YES_AGGRESSIVE;
				GCC_WARN_UNUSED_FUNCTION = YES;
				GCC_WARN_UNUSED_VARIABLE = YES;
				LOCALIZATION_PREFERS_STRING_CATALOGS = YES;
				MTL_ENABLE_DEBUG_INFO = NO;
				MTL_FAST_MATH = YES;
				SWIFT_COMPILATION_MODE = wholemodule;
			};
			name = Release;
		};
		07C532622C38865300DC54C6 /* Debug */ = {
			isa = XCBuildConfiguration;
			buildSettings = {
				ASSETCATALOG_COMPILER_APPICON_NAME = AppIcon;
				ASSETCATALOG_COMPILER_GLOBAL_ACCENT_COLOR_NAME = AccentColor;
				CODE_SIGN_ENTITLEMENTS = OVault/OVault.entitlements;
				"CODE_SIGN_IDENTITY[sdk=macosx*]" = "Apple Development";
				CODE_SIGN_STYLE = Automatic;
				CURRENT_PROJECT_VERSION = 1;
				DEAD_CODE_STRIPPING = YES;
				DEVELOPMENT_ASSET_PATHS = "\"OVault/Preview Content\"";
				DEVELOPMENT_TEAM = KED4M385SL;
				ENABLE_HARDENED_RUNTIME = YES;
				"ENABLE_HARDENED_RUNTIME[sdk=macosx*]" = YES;
				ENABLE_PREVIEWS = YES;
				GENERATE_INFOPLIST_FILE = YES;
				INFOPLIST_FILE = OVault/Info.plist;
				INFOPLIST_KEY_CFBundleDisplayName = "";
				INFOPLIST_KEY_LSApplicationCategoryType = "public.app-category.utilities";
				INFOPLIST_KEY_NSCameraUsageDescription = "Use the Camera to scan QR codes, for importing OTP codes";
				"INFOPLIST_KEY_UIApplicationSceneManifest_Generation[sdk=iphoneos*]" = YES;
				"INFOPLIST_KEY_UIApplicationSceneManifest_Generation[sdk=iphonesimulator*]" = YES;
				"INFOPLIST_KEY_UIApplicationSupportsIndirectInputEvents[sdk=iphoneos*]" = YES;
				"INFOPLIST_KEY_UIApplicationSupportsIndirectInputEvents[sdk=iphonesimulator*]" = YES;
				"INFOPLIST_KEY_UILaunchScreen_Generation[sdk=iphoneos*]" = YES;
				"INFOPLIST_KEY_UILaunchScreen_Generation[sdk=iphonesimulator*]" = YES;
				"INFOPLIST_KEY_UIStatusBarStyle[sdk=iphoneos*]" = UIStatusBarStyleDefault;
				"INFOPLIST_KEY_UIStatusBarStyle[sdk=iphonesimulator*]" = UIStatusBarStyleDefault;
				INFOPLIST_KEY_UISupportedInterfaceOrientations_iPad = "UIInterfaceOrientationPortrait UIInterfaceOrientationPortraitUpsideDown UIInterfaceOrientationLandscapeLeft UIInterfaceOrientationLandscapeRight";
				INFOPLIST_KEY_UISupportedInterfaceOrientations_iPhone = "UIInterfaceOrientationPortrait UIInterfaceOrientationLandscapeLeft UIInterfaceOrientationLandscapeRight";
				IPHONEOS_DEPLOYMENT_TARGET = 17.5;
				LD_RUNPATH_SEARCH_PATHS = "@executable_path/Frameworks";
				"LD_RUNPATH_SEARCH_PATHS[sdk=macosx*]" = "@executable_path/../Frameworks";
				MACOSX_DEPLOYMENT_TARGET = 14.6;
				MARKETING_VERSION = 1.0;
				PRODUCT_BUNDLE_IDENTIFIER = net.ovault.ovault;
				PRODUCT_NAME = "$(TARGET_NAME)";
				SDKROOT = auto;
				SUPPORTED_PLATFORMS = "iphoneos iphonesimulator macosx";
				SWIFT_EMIT_LOC_STRINGS = YES;
				SWIFT_VERSION = 5.0;
				TARGETED_DEVICE_FAMILY = "1,2";
			};
			name = Debug;
		};
		07C532632C38865300DC54C6 /* Release */ = {
			isa = XCBuildConfiguration;
			buildSettings = {
				ASSETCATALOG_COMPILER_APPICON_NAME = AppIcon;
				ASSETCATALOG_COMPILER_GLOBAL_ACCENT_COLOR_NAME = AccentColor;
				CODE_SIGN_ENTITLEMENTS = OVault/OVault.entitlements;
				"CODE_SIGN_IDENTITY[sdk=macosx*]" = "Apple Development";
				CODE_SIGN_STYLE = Automatic;
				CURRENT_PROJECT_VERSION = 1;
				DEAD_CODE_STRIPPING = YES;
				DEVELOPMENT_ASSET_PATHS = "\"OVault/Preview Content\"";
				DEVELOPMENT_TEAM = KED4M385SL;
				ENABLE_HARDENED_RUNTIME = YES;
				"ENABLE_HARDENED_RUNTIME[sdk=macosx*]" = YES;
				ENABLE_PREVIEWS = YES;
				GENERATE_INFOPLIST_FILE = YES;
				INFOPLIST_FILE = OVault/Info.plist;
				INFOPLIST_KEY_CFBundleDisplayName = "";
				INFOPLIST_KEY_LSApplicationCategoryType = "public.app-category.utilities";
				INFOPLIST_KEY_NSCameraUsageDescription = "Use the Camera to scan QR codes, for importing OTP codes";
				"INFOPLIST_KEY_UIApplicationSceneManifest_Generation[sdk=iphoneos*]" = YES;
				"INFOPLIST_KEY_UIApplicationSceneManifest_Generation[sdk=iphonesimulator*]" = YES;
				"INFOPLIST_KEY_UIApplicationSupportsIndirectInputEvents[sdk=iphoneos*]" = YES;
				"INFOPLIST_KEY_UIApplicationSupportsIndirectInputEvents[sdk=iphonesimulator*]" = YES;
				"INFOPLIST_KEY_UILaunchScreen_Generation[sdk=iphoneos*]" = YES;
				"INFOPLIST_KEY_UILaunchScreen_Generation[sdk=iphonesimulator*]" = YES;
				"INFOPLIST_KEY_UIStatusBarStyle[sdk=iphoneos*]" = UIStatusBarStyleDefault;
				"INFOPLIST_KEY_UIStatusBarStyle[sdk=iphonesimulator*]" = UIStatusBarStyleDefault;
				INFOPLIST_KEY_UISupportedInterfaceOrientations_iPad = "UIInterfaceOrientationPortrait UIInterfaceOrientationPortraitUpsideDown UIInterfaceOrientationLandscapeLeft UIInterfaceOrientationLandscapeRight";
				INFOPLIST_KEY_UISupportedInterfaceOrientations_iPhone = "UIInterfaceOrientationPortrait UIInterfaceOrientationLandscapeLeft UIInterfaceOrientationLandscapeRight";
				IPHONEOS_DEPLOYMENT_TARGET = 17.5;
				LD_RUNPATH_SEARCH_PATHS = "@executable_path/Frameworks";
				"LD_RUNPATH_SEARCH_PATHS[sdk=macosx*]" = "@executable_path/../Frameworks";
				MACOSX_DEPLOYMENT_TARGET = 14.6;
				MARKETING_VERSION = 1.0;
				PRODUCT_BUNDLE_IDENTIFIER = net.ovault.ovault;
				PRODUCT_NAME = "$(TARGET_NAME)";
				SDKROOT = auto;
				SUPPORTED_PLATFORMS = "iphoneos iphonesimulator macosx";
				SWIFT_EMIT_LOC_STRINGS = YES;
				SWIFT_VERSION = 5.0;
				TARGETED_DEVICE_FAMILY = "1,2";
			};
			name = Release;
		};
		07C600AA2CB2FB7A005F19B2 /* Debug */ = {
			isa = XCBuildConfiguration;
			buildSettings = {
				ASSETCATALOG_COMPILER_GLOBAL_ACCENT_COLOR_NAME = AccentColor;
				ASSETCATALOG_COMPILER_WIDGET_BACKGROUND_COLOR_NAME = WidgetBackground;
				CODE_SIGN_ENTITLEMENTS = WidgetExtensionExtension.entitlements;
				CODE_SIGN_STYLE = Automatic;
				CURRENT_PROJECT_VERSION = 1;
				DEVELOPMENT_TEAM = KED4M385SL;
				GENERATE_INFOPLIST_FILE = YES;
				INFOPLIST_FILE = WidgetExtension/Info.plist;
				INFOPLIST_KEY_CFBundleDisplayName = WidgetExtension;
				INFOPLIST_KEY_NSHumanReadableCopyright = "";
				IPHONEOS_DEPLOYMENT_TARGET = 18.0;
				LD_RUNPATH_SEARCH_PATHS = (
					"$(inherited)",
					"@executable_path/Frameworks",
					"@executable_path/../../Frameworks",
				);
				MACOSX_DEPLOYMENT_TARGET = 14.6;
				MARKETING_VERSION = 1.0;
				PRODUCT_BUNDLE_IDENTIFIER = net.ovault.ovault.WidgetExtension;
				PRODUCT_NAME = "$(TARGET_NAME)";
				REGISTER_APP_GROUPS = NO;
				SDKROOT = iphoneos;
				SKIP_INSTALL = YES;
				SUPPORTED_PLATFORMS = "iphoneos iphonesimulator macosx";
				SUPPORTS_MACCATALYST = NO;
				SUPPORTS_MAC_DESIGNED_FOR_IPHONE_IPAD = NO;
				SUPPORTS_XR_DESIGNED_FOR_IPHONE_IPAD = NO;
				SWIFT_EMIT_LOC_STRINGS = YES;
				SWIFT_VERSION = 5.0;
				TARGETED_DEVICE_FAMILY = "1,2";
			};
			name = Debug;
		};
		07C600AB2CB2FB7A005F19B2 /* Release */ = {
			isa = XCBuildConfiguration;
			buildSettings = {
				ASSETCATALOG_COMPILER_GLOBAL_ACCENT_COLOR_NAME = AccentColor;
				ASSETCATALOG_COMPILER_WIDGET_BACKGROUND_COLOR_NAME = WidgetBackground;
				CODE_SIGN_ENTITLEMENTS = WidgetExtensionExtension.entitlements;
				CODE_SIGN_STYLE = Automatic;
				CURRENT_PROJECT_VERSION = 1;
				DEVELOPMENT_TEAM = KED4M385SL;
				GENERATE_INFOPLIST_FILE = YES;
				INFOPLIST_FILE = WidgetExtension/Info.plist;
				INFOPLIST_KEY_CFBundleDisplayName = WidgetExtension;
				INFOPLIST_KEY_NSHumanReadableCopyright = "";
				IPHONEOS_DEPLOYMENT_TARGET = 18.0;
				LD_RUNPATH_SEARCH_PATHS = (
					"$(inherited)",
					"@executable_path/Frameworks",
					"@executable_path/../../Frameworks",
				);
				MACOSX_DEPLOYMENT_TARGET = 14.6;
				MARKETING_VERSION = 1.0;
				PRODUCT_BUNDLE_IDENTIFIER = net.ovault.ovault.WidgetExtension;
				PRODUCT_NAME = "$(TARGET_NAME)";
				REGISTER_APP_GROUPS = NO;
				SDKROOT = iphoneos;
				SKIP_INSTALL = YES;
				SUPPORTED_PLATFORMS = "iphoneos iphonesimulator macosx";
				SUPPORTS_MACCATALYST = NO;
				SUPPORTS_MAC_DESIGNED_FOR_IPHONE_IPAD = NO;
				SUPPORTS_XR_DESIGNED_FOR_IPHONE_IPAD = NO;
				SWIFT_EMIT_LOC_STRINGS = YES;
				SWIFT_VERSION = 5.0;
				TARGETED_DEVICE_FAMILY = "1,2";
				VALIDATE_PRODUCT = YES;
			};
			name = Release;
		};
/* End XCBuildConfiguration section */

/* Begin XCConfigurationList section */
		071A79AB2C3AA66A00077318 /* Build configuration list for PBXNativeTarget "OVaultTests" */ = {
			isa = XCConfigurationList;
			buildConfigurations = (
				071A79AC2C3AA66A00077318 /* Debug */,
				071A79AD2C3AA66A00077318 /* Release */,
			);
			defaultConfigurationIsVisible = 0;
			defaultConfigurationName = Release;
		};
		07C43BB82C3C830100BE0F34 /* Build configuration list for PBXNativeTarget "Models" */ = {
			isa = XCConfigurationList;
			buildConfigurations = (
				07C43BB92C3C830100BE0F34 /* Debug */,
				07C43BBA2C3C830100BE0F34 /* Release */,
			);
			defaultConfigurationIsVisible = 0;
			defaultConfigurationName = Release;
		};
		07C5324B2C38865300DC54C6 /* Build configuration list for PBXProject "OVault" */ = {
			isa = XCConfigurationList;
			buildConfigurations = (
				07C5325F2C38865300DC54C6 /* Debug */,
				07C532602C38865300DC54C6 /* Release */,
			);
			defaultConfigurationIsVisible = 0;
			defaultConfigurationName = Release;
		};
		07C532612C38865300DC54C6 /* Build configuration list for PBXNativeTarget "OVault" */ = {
			isa = XCConfigurationList;
			buildConfigurations = (
				07C532622C38865300DC54C6 /* Debug */,
				07C532632C38865300DC54C6 /* Release */,
			);
			defaultConfigurationIsVisible = 0;
			defaultConfigurationName = Release;
		};
		07C600A92CB2FB7A005F19B2 /* Build configuration list for PBXNativeTarget "WidgetExtensionExtension" */ = {
			isa = XCConfigurationList;
			buildConfigurations = (
				07C600AA2CB2FB7A005F19B2 /* Debug */,
				07C600AB2CB2FB7A005F19B2 /* Release */,
			);
			defaultConfigurationIsVisible = 0;
			defaultConfigurationName = Release;
		};
/* End XCConfigurationList section */

/* Begin XCRemoteSwiftPackageReference section */
		07C43BC12C3C837500BE0F34 /* XCRemoteSwiftPackageReference "Base32" */ = {
			isa = XCRemoteSwiftPackageReference;
			repositoryURL = "git@github.com:norio-nomura/Base32.git";
			requirement = {
				kind = upToNextMajorVersion;
				minimumVersion = 0.9.0;
			};
		};
		07EF0ED62C3DBBF900F61BDF /* XCRemoteSwiftPackageReference "CodeScanner" */ = {
			isa = XCRemoteSwiftPackageReference;
			repositoryURL = "git@github.com:twostraws/CodeScanner.git";
			requirement = {
				kind = upToNextMajorVersion;
				minimumVersion = 2.5.0;
			};
		};
/* End XCRemoteSwiftPackageReference section */

/* Begin XCSwiftPackageProductDependency section */
		07C43BC22C3C837500BE0F34 /* Base32 */ = {
			isa = XCSwiftPackageProductDependency;
			package = 07C43BC12C3C837500BE0F34 /* XCRemoteSwiftPackageReference "Base32" */;
			productName = Base32;
		};
		07EF0ED72C3DBBF900F61BDF /* CodeScanner */ = {
			isa = XCSwiftPackageProductDependency;
			package = 07EF0ED62C3DBBF900F61BDF /* XCRemoteSwiftPackageReference "CodeScanner" */;
			productName = CodeScanner;
		};
/* End XCSwiftPackageProductDependency section */
	};
	rootObject = 07C532482C38865300DC54C6 /* Project object */;
}
